
Microsoft Visual Studio Solution File, Format Version 12.00
# Visual Studio 15
VisualStudioVersion = 15.0.27004.2010
MinimumVisualStudioVersion = 10.0.40219.1
Project("{FAE04EC0-301F-11D3-BF4B-00C04F79EFBC}") = "GTest2", "GTest2\GTest2.csproj", "{F2E8AC5B-0D1B-4B3B-8D01-B8FF789C5957}"
EndProject
Global
	GlobalSection(SolutionConfigurationPlatforms) = preSolution
		Debug|Any CPU = Debug|Any CPU
		Release|Any CPU = Release|Any CPU
	EndGlobalSection
	GlobalSection(ProjectConfigurationPlatforms) = postSolution
		{F2E8AC5B-0D1B-4B3B-8D01-B8FF789C5957}.Debug|Any CPU.ActiveCfg = Debug|Any CPU
		{F2E8AC5B-0D1B-4B3B-8D01-B8FF789C5957}.Debug|Any CPU.Build.0 = Debug|Any CPU
		{F2E8AC5B-0D1B-4B3B-8D01-B8FF789C5957}.Release|Any CPU.ActiveCfg = Release|Any CPU
		{F2E8AC5B-0D1B-4B3B-8D01-B8FF789C5957}.Release|Any CPU.Build.0 = Release|Any CPU
	EndGlobalSection
	GlobalSection(SolutionProperties) = preSolution
		HideSolutionNode = FALSE
	EndGlobalSection
	GlobalSection(ExtensibilityGlobals) = postSolution
		SolutionGuid = {DF4C7857-E8B1-4884-AC1F-AF4A9794E580}
	EndGlobalSection
EndGlobal
